
Microsoft Visual Studio Solution File, Format Version 12.00
# Visual Studio Version 18
VisualStudioVersion = 18.5.11612.153 insiders
MinimumVisualStudioVersion = 10.0.40219.1
Project("{2150E333-8FDC-42A3-9474-1A3956D46DE8}") = "Solution Items", "Solution Items", "{517E4325-E286-417E-B084-6F54D27D5187}"
	ProjectSection(SolutionItems) = preProject
		.editorconfig = .editorconfig
	EndProjectSection
EndProject
Project("{FAE04EC0-301F-11D3-BF4B-00C04F79EFBC}") = "Pure.Chart.RichRelationalModel.HashCodes", "Pure.Chart.RichRelationalModel.HashCodes\Pure.Chart.RichRelationalModel.HashCodes.csproj", "{6E8C0C43-8B8B-4EFA-8A62-ED5215B0941B}"
EndProject
Project("{2150E333-8FDC-42A3-9474-1A3956D46DE8}") = "Tests", "Tests", "{A21582FE-608A-4FB1-9BEB-DFD2E8495978}"
EndProject
Project("{FAE04EC0-301F-11D3-BF4B-00C04F79EFBC}") = "Pure.Chart.RichRelationalModel.HashCodes.Tests", "Tests\Pure.Chart.RichRelationalModel.HashCodes.Tests\Pure.Chart.RichRelationalModel.HashCodes.Tests.csproj", "{C24E1F63-F455-4859-BA81-A5EAEAF92FE1}"
EndProject
Global
	GlobalSection(SolutionConfigurationPlatforms) = preSolution
		Debug|Any CPU = Debug|Any CPU
		Release|Any CPU = Release|Any CPU
	EndGlobalSection
	GlobalSection(ProjectConfigurationPlatforms) = postSolution
		{6E8C0C43-8B8B-4EFA-8A62-ED5215B0941B}.Debug|Any CPU.ActiveCfg = Debug|Any CPU
		{6E8C0C43-8B8B-4EFA-8A62-ED5215B0941B}.Debug|Any CPU.Build.0 = Debug|Any CPU
		{6E8C0C43-8B8B-4EFA-8A62-ED5215B0941B}.Release|Any CPU.ActiveCfg = Release|Any CPU
		{6E8C0C43-8B8B-4EFA-8A62-ED5215B0941B}.Release|Any CPU.Build.0 = Release|Any CPU
		{C24E1F63-F455-4859-BA81-A5EAEAF92FE1}.Debug|Any CPU.ActiveCfg = Debug|Any CPU
		{C24E1F63-F455-4859-BA81-A5EAEAF92FE1}.Debug|Any CPU.Build.0 = Debug|Any CPU
		{C24E1F63-F455-4859-BA81-A5EAEAF92FE1}.Release|Any CPU.ActiveCfg = Release|Any CPU
		{C24E1F63-F455-4859-BA81-A5EAEAF92FE1}.Release|Any CPU.Build.0 = Release|Any CPU
	EndGlobalSection
	GlobalSection(SolutionProperties) = preSolution
		HideSolutionNode = FALSE
	EndGlobalSection
	GlobalSection(NestedProjects) = preSolution
		{C24E1F63-F455-4859-BA81-A5EAEAF92FE1} = {A21582FE-608A-4FB1-9BEB-DFD2E8495978}
	EndGlobalSection
EndGlobal
